// !$*UTF8*$!
{
	archiveVersion = 1;
	classes = {
	};
	objectVersion = 48;
	objects = {

/* Begin PBXBuildFile section */
		349D65BA2058D19B00648DE9 /* AppDelegate.m in Sources */ = {isa = PBXBuildFile; fileRef = 349D65B92058D19B00648DE9 /* AppDelegate.m */; };
		349D65BC2058D19B00648DE9 /* Assets.xcassets in Resources */ = {isa = PBXBuildFile; fileRef = 349D65BB2058D19B00648DE9 /* Assets.xcassets */; };
		349D65BF2058D19B00648DE9 /* MainMenu.xib in Resources */ = {isa = PBXBuildFile; fileRef = 349D65BD2058D19B00648DE9 /* MainMenu.xib */; };
		349D65C22058D19B00648DE9 /* main.m in Sources */ = {isa = PBXBuildFile; fileRef = 349D65C12058D19B00648DE9 /* main.m */; };
		349D65CC2058D1BF00648DE9 /* WECalendarViewController.m in Sources */ = {isa = PBXBuildFile; fileRef = 349D65CA2058D1BF00648DE9 /* WECalendarViewController.m */; };
		349D65CD2058D1BF00648DE9 /* WECalendarViewController.xib in Resources */ = {isa = PBXBuildFile; fileRef = 349D65CB2058D1BF00648DE9 /* WECalendarViewController.xib */; };
/* End PBXBuildFile section */

/* Begin PBXFileReference section */
		349D65B52058D19B00648DE9 /* WECalendar.app */ = {isa = PBXFileReference; explicitFileType = wrapper.application; includeInIndex = 0; path = WECalendar.app; sourceTree = BUILT_PRODUCTS_DIR; };
		349D65B82058D19B00648DE9 /* AppDelegate.h */ = {isa = PBXFileReference; lastKnownFileType = sourcecode.c.h; path = AppDelegate.h; sourceTree = "<group>"; };
		349D65B92058D19B00648DE9 /* AppDelegate.m */ = {isa = PBXFileReference; lastKnownFileType = sourcecode.c.objc; path = AppDelegate.m; sourceTree = "<group>"; };
		349D65BB2058D19B00648DE9 /* Assets.xcassets */ = {isa = PBXFileReference; lastKnownFileType = folder.assetcatalog; path = Assets.xcassets; sourceTree = "<group>"; };
		349D65BE2058D19B00648DE9 /* Base */ = {isa = PBXFileReference; lastKnownFileType = file.xib; name = Base; path = Base.lproj/MainMenu.xib; sourceTree = "<group>"; };
		349D65C02058D19B00648DE9 /* Info.plist */ = {isa = PBXFileReference; lastKnownFileType = text.plist.xml; path = Info.plist; sourceTree = "<group>"; };
		349D65C12058D19B00648DE9 /* main.m */ = {isa = PBXFileReference; lastKnownFileType = sourcecode.c.objc; path = main.m; sourceTree = "<group>"; };
		349D65C32058D19B00648DE9 /* WECalendar.entitlements */ = {isa = PBXFileReference; lastKnownFileType = text.plist.entitlements; path = WECalendar.entitlements; sourceTree = "<group>"; };
		349D65C92058D1BF00648DE9 /* WECalendarViewController.h */ = {isa = PBXFileReference; lastKnownFileType = sourcecode.c.h; path = WECalendarViewController.h; sourceTree = "<group>"; };
		349D65CA2058D1BF00648DE9 /* WECalendarViewController.m */ = {isa = PBXFileReference; lastKnownFileType = sourcecode.c.objc; path = WECalendarViewController.m; sourceTree = "<group>"; };
		349D65CB2058D1BF00648DE9 /* WECalendarViewController.xib */ = {isa = PBXFileReference; lastKnownFileType = file.xib; path = WECalendarViewController.xib; sourceTree = "<group>"; };
/* End PBXFileReference section */

/* Begin PBXFrameworksBuildPhase section */
		349D65B22058D19B00648DE9 /* Frameworks */ = {
			isa = PBXFrameworksBuildPhase;
			buildActionMask = 2147483647;
			files = (
			);
			runOnlyForDeploymentPostprocessing = 0;
		};
/* End PBXFrameworksBuildPhase section */

/* Begin PBXGroup section */
		349D65AC2058D19B00648DE9 = {
			isa = PBXGroup;
			children = (
				349D65C92058D1BF00648DE9 /* WECalendarViewController.h */,
				349D65CA2058D1BF00648DE9 /* WECalendarViewController.m */,
				349D65CB2058D1BF00648DE9 /* WECalendarViewController.xib */,
				349D65B72058D19B00648DE9 /* WECalendar */,
				349D65B62058D19B00648DE9 /* Products */,
			);
			sourceTree = "<group>";
		};
		349D65B62058D19B00648DE9 /* Products */ = {
			isa = PBXGroup;
			children = (
				349D65B52058D19B00648DE9 /* WECalendar.app */,
			);
			name = Products;
			sourceTree = "<group>";
		};
		349D65B72058D19B00648DE9 /* WECalendar */ = {
			isa = PBXGroup;
			children = (
				349D65B82058D19B00648DE9 /* AppDelegate.h */,
				349D65B92058D19B00648DE9 /* AppDelegate.m */,
				349D65BB2058D19B00648DE9 /* Assets.xcassets */,
				349D65BD2058D19B00648DE9 /* MainMenu.xib */,
				349D65C02058D19B00648DE9 /* Info.plist */,
				349D65C12058D19B00648DE9 /* main.m */,
				349D65C32058D19B00648DE9 /* WECalendar.entitlements */,
			);
			path = WECalendar;
			sourceTree = "<group>";
		};
/* End PBXGroup section */

/* Begin PBXNativeTarget section */
		349D65B42058D19B00648DE9 /* WECalendar */ = {
			isa = PBXNativeTarget;
			buildConfigurationList = 349D65C62058D19B00648DE9 /* Build configuration list for PBXNativeTarget "WECalendar" */;
			buildPhases = (
				349D65B12058D19B00648DE9 /* Sources */,
				349D65B22058D19B00648DE9 /* Frameworks */,
				349D65B32058D19B00648DE9 /* Resources */,
			);
			buildRules = (
			);
			dependencies = (
			);
			name = WECalendar;
			productName = WECalendar;
			productReference = 349D65B52058D19B00648DE9 /* WECalendar.app */;
			productType = "com.apple.product-type.application";
		};
/* End PBXNativeTarget section */

/* Begin PBXProject section */
		349D65AD2058D19B00648DE9 /* Project object */ = {
			isa = PBXProject;
			attributes = {
				LastUpgradeCheck = 0920;
				ORGANIZATIONNAME = WebEntities;
				TargetAttributes = {
					349D65B42058D19B00648DE9 = {
						CreatedOnToolsVersion = 9.2;
						ProvisioningStyle = Automatic;
					};
				};
			};
			buildConfigurationList = 349D65B02058D19B00648DE9 /* Build configuration list for PBXProject "WECalendar" */;
			compatibilityVersion = "Xcode 8.0";
			developmentRegion = en;
			hasScannedForEncodings = 0;
			knownRegions = (
				en,
				Base,
			);
			mainGroup = 349D65AC2058D19B00648DE9;
			productRefGroup = 349D65B62058D19B00648DE9 /* Products */;
			projectDirPath = "";
			projectRoot = "";
			targets = (
				349D65B42058D19B00648DE9 /* WECalendar */,
			);
		};
/* End PBXProject section */

/* Begin PBXResourcesBuildPhase section */
		349D65B32058D19B00648DE9 /* Resources */ = {
			isa = PBXResourcesBuildPhase;
			buildActionMask = 2147483647;
			files = (
				349D65BC2058D19B00648DE9 /* Assets.xcassets in Resources */,
				349D65BF2058D19B00648DE9 /* MainMenu.xib in Resources */,
				349D65CD2058D1BF00648DE9 /* WECalendarViewController.xib in Resources */,
			);
			runOnlyForDeploymentPostprocessing = 0;
		};
/* End PBXResourcesBuildPhase section */

/* Begin PBXSourcesBuildPhase section */
		349D65B12058D19B00648DE9 /* Sources */ = {
			isa = PBXSourcesBuildPhase;
			buildActionMask = 2147483647;
			files = (
				349D65C22058D19B00648DE9 /* main.m in Sources */,
				349D65CC2058D1BF00648DE9 /* WECalendarViewController.m in Sources */,
				349D65BA2058D19B00648DE9 /* AppDelegate.m in Sources */,
			);
			runOnlyForDeploymentPostprocessing = 0;
		};
/* End PBXSourcesBuildPhase section */

/* Begin PBXVariantGroup section */
		349D65BD2058D19B00648DE9 /* MainMenu.xib */ = {
			isa = PBXVariantGroup;
			children = (
				349D65BE2058D19B00648DE9 /* Base */,
			);
			name = MainMenu.xib;
			sourceTree = "<group>";
		};
/* End PBXVariantGroup section */

/* Begin XCBuildConfiguration section */
		349D65C42058D19B00648DE9 /* Debug */ = {
			isa = XCBuildConfiguration;
			buildSettings = {
				ALWAYS_SEARCH_USER_PATHS = NO;
				CLANG_ANALYZER_NONNULL = YES;
				CLANG_ANALYZER_NUMBER_OBJECT_CONVERSION = YES_AGGRESSIVE;
				CLANG_CXX_LANGUAGE_STANDARD = "gnu++14";
				CLANG_CXX_LIBRARY = "libc++";
				CLANG_ENABLE_MODULES = YES;
				CLANG_ENABLE_OBJC_ARC = YES;
				CLANG_WARN_BLOCK_CAPTURE_AUTORELEASING = YES;
				CLANG_WARN_BOOL_CONVERSION = YES;
				CLANG_WARN_COMMA = YES;
				CLANG_WARN_CONSTANT_CONVERSION = YES;
				CLANG_WARN_DIRECT_OBJC_ISA_USAGE = YES_ERROR;
				CLANG_WARN_DOCUMENTATION_COMMENTS = YES;
				CLANG_WARN_EMPTY_BODY = YES;
				CLANG_WARN_ENUM_CONVERSION = YES;
				CLANG_WARN_INFINITE_RECURSION = YES;
				CLANG_WARN_INT_CONVERSION = YES;
				CLANG_WARN_NON_LITERAL_NULL_CONVERSION = YES;
				CLANG_WARN_OBJC_LITERAL_CONVERSION = YES;
				CLANG_WARN_OBJC_ROOT_CLASS = YES_ERROR;
				CLANG_WARN_RANGE_LOOP_ANALYSIS = YES;
				CLANG_WARN_STRICT_PROTOTYPES = YES;
				CLANG_WARN_SUSPICIOUS_MOVE = YES;
				CLANG_WARN_UNGUARDED_AVAILABILITY = YES_AGGRESSIVE;
				CLANG_WARN_UNREACHABLE_CODE = YES;
				CLANG_WARN__DUPLICATE_METHOD_MATCH = YES;
				CODE_SIGN_IDENTITY = "-";
				COPY_PHASE_STRIP = NO;
				DEBUG_INFORMATION_FORMAT = dwarf;
				ENABLE_STRICT_OBJC_MSGSEND = YES;
				ENABLE_TESTABILITY = YES;
				GCC_C_LANGUAGE_STANDARD = gnu11;
				GCC_DYNAMIC_NO_PIC = NO;
				GCC_NO_COMMON_BLOCKS = YES;
				GCC_OPTIMIZATION_LEVEL = 0;
				GCC_PREPROCESSOR_DEFINITIONS = (
					"DEBUG=1",
					"$(inherited)",
				);
				GCC_WARN_64_TO_32_BIT_CONVERSION = YES;
				GCC_WARN_ABOUT_RETURN_TYPE = YES_ERROR;
				GCC_WARN_UNDECLARED_SELECTOR = YES;
				GCC_WARN_UNINITIALIZED_AUTOS = YES_AGGRESSIVE;
				GCC_WARN_UNUSED_FUNCTION = YES;
				GCC_WARN_UNUSED_VARIABLE = YES;
				MACOSX_DEPLOYMENT_TARGET = 10.12;
				MTL_ENABLE_DEBUG_INFO = YES;
				ONLY_ACTIVE_ARCH = YES;
				SDKROOT = macosx;
			};
			name = Debug;
		};
		349D65C52058D19B00648DE9 /* Release */ = {
			isa = XCBuildConfiguration;
			buildSettings = {
				ALWAYS_SEARCH_USER_PATHS = NO;
				CLANG_ANALYZER_NONNULL = YES;
				CLANG_ANALYZER_NUMBER_OBJECT_CONVERSION = YES_AGGRESSIVE;
				CLANG_CXX_LANGUAGE_STANDARD = "gnu++14";
				CLANG_CXX_LIBRARY = "libc++";
				CLANG_ENABLE_MODULES = YES;
				CLANG_ENABLE_OBJC_ARC = YES;
				CLANG_WARN_BLOCK_CAPTURE_AUTORELEASING = YES;
				CLANG_WARN_BOOL_CONVERSION = YES;
				CLANG_WARN_COMMA = YES;
				CLANG_WARN_CONSTANT_CONVERSION = YES;
				CLANG_WARN_DIRECT_OBJC_ISA_USAGE = YES_ERROR;
				CLANG_WARN_DOCUMENTATION_COMMENTS = YES;
				CLANG_WARN_EMPTY_BODY = YES;
				CLANG_WARN_ENUM_CONVERSION = YES;
				CLANG_WARN_INFINITE_RECURSION = YES;
				CLANG_WARN_INT_CONVERSION = YES;
				CLANG_WARN_NON_LITERAL_NULL_CONVERSION = YES;
				CLANG_WARN_OBJC_LITERAL_CONVERSION = YES;
				CLANG_WARN_OBJC_ROOT_CLASS = YES_ERROR;
				CLANG_WARN_RANGE_LOOP_ANALYSIS = YES;
				CLANG_WARN_STRICT_PROTOTYPES = YES;
				CLANG_WARN_SUSPICIOUS_MOVE = YES;
				CLANG_WARN_UNGUARDED_AVAILABILITY = YES_AGGRESSIVE;
				CLANG_WARN_UNREACHABLE_CODE = YES;
				CLANG_WARN__DUPLICATE_METHOD_MATCH = YES;
				CODE_SIGN_IDENTITY = "-";
				COPY_PHASE_STRIP = NO;
				DEBUG_INFORMATION_FORMAT = "dwarf-with-dsym";
				ENABLE_NS_ASSERTIONS = NO;
				ENABLE_STRICT_OBJC_MSGSEND = YES;
				GCC_C_LANGUAGE_STANDARD = gnu11;
				GCC_NO_COMMON_BLOCKS = YES;
				GCC_WARN_64_TO_32_BIT_CONVERSION = YES;
				GCC_WARN_ABOUT_RETURN_TYPE = YES_ERROR;
				GCC_WARN_UNDECLARED_SELECTOR = YES;
				GCC_WARN_UNINITIALIZED_AUTOS = YES_AGGRESSIVE;
				GCC_WARN_UNUSED_FUNCTION = YES;
				GCC_WARN_UNUSED_VARIABLE = YES;
				MACOSX_DEPLOYMENT_TARGET = 10.12;
				MTL_ENABLE_DEBUG_INFO = NO;
				SDKROOT = macosx;
			};
			name = Release;
		};
		349D65C72058D19B00648DE9 /* Debug */ = {
			isa = XCBuildConfiguration;
			buildSettings = {
				ASSETCATALOG_COMPILER_APPICON_NAME = AppIcon;
				CODE_SIGN_ENTITLEMENTS = WECalendar/WECalendar.entitlements;
				CODE_SIGN_STYLE = Automatic;
				COMBINE_HIDPI_IMAGES = YES;
				INFOPLIST_FILE = WECalendar/Info.plist;
				LD_RUNPATH_SEARCH_PATHS = "$(inherited) @executable_path/../Frameworks";
				PRODUCT_BUNDLE_IDENTIFIER = webentities.WECalendar;
				PRODUCT_NAME = "$(TARGET_NAME)";
			};
			name = Debug;
		};
		349D65C82058D19B00648DE9 /* Release */ = {
			isa = XCBuildConfiguration;
			buildSettings = {
				ASSETCATALOG_COMPILER_APPICON_NAME = AppIcon;
				CODE_SIGN_ENTITLEMENTS = WECalendar/WECalendar.entitlements;
				CODE_SIGN_STYLE = Automatic;
				COMBINE_HIDPI_IMAGES = YES;
				INFOPLIST_FILE = WECalendar/Info.plist;
				LD_RUNPATH_SEARCH_PATHS = "$(inherited) @executable_path/../Frameworks";
				PRODUCT_BUNDLE_IDENTIFIER = webentities.WECalendar;
				PRODUCT_NAME = "$(TARGET_NAME)";
			};
			name = Release;
		};
/* End XCBuildConfiguration section */

/* Begin XCConfigurationList section */
		349D65B02058D19B00648DE9 /* Build configuration list for PBXProject "WECalendar" */ = {
			isa = XCConfigurationList;
			buildConfigurations = (
				349D65C42058D19B00648DE9 /* Debug */,
				349D65C52058D19B00648DE9 /* Release */,
			);
			defaultConfigurationIsVisible = 0;
			defaultConfigurationName = Release;
		};
		349D65C62058D19B00648DE9 /* Build configuration list for PBXNativeTarget "WECalendar" */ = {
			isa = XCConfigurationList;
			buildConfigurations = (
				349D65C72058D19B00648DE9 /* Debug */,
				349D65C82058D19B00648DE9 /* Release */,
			);
			defaultConfigurationIsVisible = 0;
			defaultConfigurationName = Release;
		};
/* End XCConfigurationList section */
	};
	rootObject = 349D65AD2058D19B00648DE9 /* Project object */;
}
